
Microsoft Visual Studio Solution File, Format Version 12.00
# Visual Studio Version 17
VisualStudioVersion = 17.8.34309.116
MinimumVisualStudioVersion = 10.0.40219.1
Project("{FAE04EC0-301F-11D3-BF4B-00C04F79EFBC}") = "BookManager.API", "BookManager.API\BookManager.API.csproj", "{773618A7-D646-40CE-913C-551654FBB0C2}"
EndProject
Global
	GlobalSection(SolutionConfigurationPlatforms) = preSolution
		Debug|Any CPU = Debug|Any CPU
		Release|Any CPU = Release|Any CPU
	EndGlobalSection
	GlobalSection(ProjectConfigurationPlatforms) = postSolution
		{773618A7-D646-40CE-913C-551654FBB0C2}.Debug|Any CPU.ActiveCfg = Debug|Any CPU
		{773618A7-D646-40CE-913C-551654FBB0C2}.Debug|Any CPU.Build.0 = Debug|Any CPU
		{773618A7-D646-40CE-913C-551654FBB0C2}.Release|Any CPU.ActiveCfg = Release|Any CPU
		{773618A7-D646-40CE-913C-551654FBB0C2}.Release|Any CPU.Build.0 = Release|Any CPU
	EndGlobalSection
	GlobalSection(SolutionProperties) = preSolution
		HideSolutionNode = FALSE
	EndGlobalSection
	GlobalSection(ExtensibilityGlobals) = postSolution
		SolutionGuid = {4F6FC490-AD2F-4D00-9443-56CF3114E6CA}
	EndGlobalSection
EndGlobal
